// !$*UTF8*$!
{
	archiveVersion = 1;
	classes = {
	};
	objectVersion = 46;
	objects = {

/* Begin PBXBuildFile section */
		04A3D9FB1BF7F6FE0012E3A9 /* AppDelegate.swift in Sources */ = {isa = PBXBuildFile; fileRef = 04A3D9FA1BF7F6FE0012E3A9 /* AppDelegate.swift */; };
		04A3D9FD1BF7F6FF0012E3A9 /* Assets.xcassets in Resources */ = {isa = PBXBuildFile; fileRef = 04A3D9FC1BF7F6FF0012E3A9 /* Assets.xcassets */; };
		04A3DA001BF7F6FF0012E3A9 /* MainMenu.xib in Resources */ = {isa = PBXBuildFile; fileRef = 04A3D9FE1BF7F6FF0012E3A9 /* MainMenu.xib */; };
/* End PBXBuildFile section */

/* Begin PBXFileReference section */
		04A3D9F71BF7F6FE0012E3A9 /* WakeBox.app */ = {isa = PBXFileReference; explicitFileType = wrapper.application; includeInIndex = 0; path = WakeBox.app; sourceTree = BUILT_PRODUCTS_DIR; };
		04A3D9FA1BF7F6FE0012E3A9 /* AppDelegate.swift */ = {isa = PBXFileReference; lastKnownFileType = sourcecode.swift; path = AppDelegate.swift; sourceTree = "<group>"; };
		04A3D9FC1BF7F6FF0012E3A9 /* Assets.xcassets */ = {isa = PBXFileReference; lastKnownFileType = folder.assetcatalog; path = Assets.xcassets; sourceTree = "<group>"; };
		04A3D9FF1BF7F6FF0012E3A9 /* Base */ = {isa = PBXFileReference; lastKnownFileType = file.xib; name = Base; path = Base.lproj/MainMenu.xib; sourceTree = "<group>"; };
		04A3DA011BF7F6FF0012E3A9 /* Info.plist */ = {isa = PBXFileReference; lastKnownFileType = text.plist.xml; path = Info.plist; sourceTree = "<group>"; };
/* End PBXFileReference section */

/* Begin PBXFrameworksBuildPhase section */
		04A3D9F41BF7F6FE0012E3A9 /* Frameworks */ = {
			isa = PBXFrameworksBuildPhase;
			buildActionMask = 2147483647;
			files = (
			);
			runOnlyForDeploymentPostprocessing = 0;
		};
/* End PBXFrameworksBuildPhase section */

/* Begin PBXGroup section */
		04A3D9EE1BF7F6FE0012E3A9 = {
			isa = PBXGroup;
			children = (
				04A3D9F91BF7F6FE0012E3A9 /* WakeBox */,
				04A3D9F81BF7F6FE0012E3A9 /* Products */,
			);
			sourceTree = "<group>";
		};
		04A3D9F81BF7F6FE0012E3A9 /* Products */ = {
			isa = PBXGroup;
			children = (
				04A3D9F71BF7F6FE0012E3A9 /* WakeBox.app */,
			);
			name = Products;
			sourceTree = "<group>";
		};
		04A3D9F91BF7F6FE0012E3A9 /* WakeBox */ = {
			isa = PBXGroup;
			children = (
				04A3D9FA1BF7F6FE0012E3A9 /* AppDelegate.swift */,
				04A3D9FC1BF7F6FF0012E3A9 /* Assets.xcassets */,
				04A3D9FE1BF7F6FF0012E3A9 /* MainMenu.xib */,
				04A3DA011BF7F6FF0012E3A9 /* Info.plist */,
			);
			path = WakeBox;
			sourceTree = "<group>";
		};
/* End PBXGroup section */

/* Begin PBXNativeTarget section */
		04A3D9F61BF7F6FE0012E3A9 /* WakeBox */ = {
			isa = PBXNativeTarget;
			buildConfigurationList = 04A3DA041BF7F6FF0012E3A9 /* Build configuration list for PBXNativeTarget "WakeBox" */;
			buildPhases = (
				04A3D9F31BF7F6FE0012E3A9 /* Sources */,
				04A3D9F41BF7F6FE0012E3A9 /* Frameworks */,
				04A3D9F51BF7F6FE0012E3A9 /* Resources */,
			);
			buildRules = (
			);
			dependencies = (
			);
			name = WakeBox;
			productName = WakeBox;
			productReference = 04A3D9F71BF7F6FE0012E3A9 /* WakeBox.app */;
			productType = "com.apple.product-type.application";
		};
/* End PBXNativeTarget section */

/* Begin PBXProject section */
		04A3D9EF1BF7F6FE0012E3A9 /* Project object */ = {
			isa = PBXProject;
			attributes = {
				LastSwiftUpdateCheck = 0710;
				LastUpgradeCheck = 0710;
				ORGANIZATIONNAME = trump6;
				TargetAttributes = {
					04A3D9F61BF7F6FE0012E3A9 = {
						CreatedOnToolsVersion = 7.1.1;
					};
				};
			};
			buildConfigurationList = 04A3D9F21BF7F6FE0012E3A9 /* Build configuration list for PBXProject "WakeBox" */;
			compatibilityVersion = "Xcode 3.2";
			developmentRegion = English;
			hasScannedForEncodings = 0;
			knownRegions = (
				en,
				Base,
			);
			mainGroup = 04A3D9EE1BF7F6FE0012E3A9;
			productRefGroup = 04A3D9F81BF7F6FE0012E3A9 /* Products */;
			projectDirPath = "";
			projectRoot = "";
			targets = (
				04A3D9F61BF7F6FE0012E3A9 /* WakeBox */,
			);
		};
/* End PBXProject section */

/* Begin PBXResourcesBuildPhase section */
		04A3D9F51BF7F6FE0012E3A9 /* Resources */ = {
			isa = PBXResourcesBuildPhase;
			buildActionMask = 2147483647;
			files = (
				04A3D9FD1BF7F6FF0012E3A9 /* Assets.xcassets in Resources */,
				04A3DA001BF7F6FF0012E3A9 /* MainMenu.xib in Resources */,
			);
			runOnlyForDeploymentPostprocessing = 0;
		};
/* End PBXResourcesBuildPhase section */

/* Begin PBXSourcesBuildPhase section */
		04A3D9F31BF7F6FE0012E3A9 /* Sources */ = {
			isa = PBXSourcesBuildPhase;
			buildActionMask = 2147483647;
			files = (
				04A3D9FB1BF7F6FE0012E3A9 /* AppDelegate.swift in Sources */,
			);
			runOnlyForDeploymentPostprocessing = 0;
		};
/* End PBXSourcesBuildPhase section */

/* Begin PBXVariantGroup section */
		04A3D9FE1BF7F6FF0012E3A9 /* MainMenu.xib */ = {
			isa = PBXVariantGroup;
			children = (
				04A3D9FF1BF7F6FF0012E3A9 /* Base */,
			);
			name = MainMenu.xib;
			sourceTree = "<group>";
		};
/* End PBXVariantGroup section */

/* Begin XCBuildConfiguration section */
		04A3DA021BF7F6FF0012E3A9 /* Debug */ = {
			isa = XCBuildConfiguration;
			buildSettings = {
				ALWAYS_SEARCH_USER_PATHS = NO;
				CLANG_CXX_LANGUAGE_STANDARD = "gnu++0x";
				CLANG_CXX_LIBRARY = "libc++";
				CLANG_ENABLE_MODULES = YES;
				CLANG_ENABLE_OBJC_ARC = YES;
				CLANG_WARN_BOOL_CONVERSION = YES;
				CLANG_WARN_CONSTANT_CONVERSION = YES;
				CLANG_WARN_DIRECT_OBJC_ISA_USAGE = YES_ERROR;
				CLANG_WARN_EMPTY_BODY = YES;
				CLANG_WARN_ENUM_CONVERSION = YES;
				CLANG_WARN_INT_CONVERSION = YES;
				CLANG_WARN_OBJC_ROOT_CLASS = YES_ERROR;
				CLANG_WARN_UNREACHABLE_CODE = YES;
				CLANG_WARN__DUPLICATE_METHOD_MATCH = YES;
				CODE_SIGN_IDENTITY = "-";
				COPY_PHASE_STRIP = NO;
				DEBUG_INFORMATION_FORMAT = dwarf;
				ENABLE_STRICT_OBJC_MSGSEND = YES;
				ENABLE_TESTABILITY = YES;
				GCC_C_LANGUAGE_STANDARD = gnu99;
				GCC_DYNAMIC_NO_PIC = NO;
				GCC_NO_COMMON_BLOCKS = YES;
				GCC_OPTIMIZATION_LEVEL = 0;
				GCC_PREPROCESSOR_DEFINITIONS = (
					"DEBUG=1",
					"$(inherited)",
				);
				GCC_WARN_64_TO_32_BIT_CONVERSION = YES;
				GCC_WARN_ABOUT_RETURN_TYPE = YES_ERROR;
				GCC_WARN_UNDECLARED_SELECTOR = YES;
				GCC_WARN_UNINITIALIZED_AUTOS = YES_AGGRESSIVE;
				GCC_WARN_UNUSED_FUNCTION = YES;
				GCC_WARN_UNUSED_VARIABLE = YES;
				MACOSX_DEPLOYMENT_TARGET = 10.11;
				MTL_ENABLE_DEBUG_INFO = YES;
				ONLY_ACTIVE_ARCH = YES;
				SDKROOT = macosx;
				SWIFT_OPTIMIZATION_LEVEL = "-Onone";
			};
			name = Debug;
		};
		04A3DA031BF7F6FF0012E3A9 /* Release */ = {
			isa = XCBuildConfiguration;
			buildSettings = {
				ALWAYS_SEARCH_USER_PATHS = NO;
				CLANG_CXX_LANGUAGE_STANDARD = "gnu++0x";
				CLANG_CXX_LIBRARY = "libc++";
				CLANG_ENABLE_MODULES = YES;
				CLANG_ENABLE_OBJC_ARC = YES;
				CLANG_WARN_BOOL_CONVERSION = YES;
				CLANG_WARN_CONSTANT_CONVERSION = YES;
				CLANG_WARN_DIRECT_OBJC_ISA_USAGE = YES_ERROR;
				CLANG_WARN_EMPTY_BODY = YES;
				CLANG_WARN_ENUM_CONVERSION = YES;
				CLANG_WARN_INT_CONVERSION = YES;
				CLANG_WARN_OBJC_ROOT_CLASS = YES_ERROR;
				CLANG_WARN_UNREACHABLE_CODE = YES;
				CLANG_WARN__DUPLICATE_METHOD_MATCH = YES;
				CODE_SIGN_IDENTITY = "-";
				COPY_PHASE_STRIP = NO;
				DEBUG_INFORMATION_FORMAT = "dwarf-with-dsym";
				ENABLE_NS_ASSERTIONS = NO;
				ENABLE_STRICT_OBJC_MSGSEND = YES;
				GCC_C_LANGUAGE_STANDARD = gnu99;
				GCC_NO_COMMON_BLOCKS = YES;
				GCC_WARN_64_TO_32_BIT_CONVERSION = YES;
				GCC_WARN_ABOUT_RETURN_TYPE = YES_ERROR;
				GCC_WARN_UNDECLARED_SELECTOR = YES;
				GCC_WARN_UNINITIALIZED_AUTOS = YES_AGGRESSIVE;
				GCC_WARN_UNUSED_FUNCTION = YES;
				GCC_WARN_UNUSED_VARIABLE = YES;
				MACOSX_DEPLOYMENT_TARGET = 10.11;
				MTL_ENABLE_DEBUG_INFO = NO;
				SDKROOT = macosx;
			};
			name = Release;
		};
		04A3DA051BF7F6FF0012E3A9 /* Debug */ = {
			isa = XCBuildConfiguration;
			buildSettings = {
				ASSETCATALOG_COMPILER_APPICON_NAME = AppIcon;
				COMBINE_HIDPI_IMAGES = YES;
				INFOPLIST_FILE = WakeBox/Info.plist;
				LD_RUNPATH_SEARCH_PATHS = "$(inherited) @executable_path/../Frameworks";
				PRODUCT_BUNDLE_IDENTIFIER = com.trump6.WakeBox;
				PRODUCT_NAME = "$(TARGET_NAME)";
			};
			name = Debug;
		};
		04A3DA061BF7F6FF0012E3A9 /* Release */ = {
			isa = XCBuildConfiguration;
			buildSettings = {
				ASSETCATALOG_COMPILER_APPICON_NAME = AppIcon;
				COMBINE_HIDPI_IMAGES = YES;
				INFOPLIST_FILE = WakeBox/Info.plist;
				LD_RUNPATH_SEARCH_PATHS = "$(inherited) @executable_path/../Frameworks";
				PRODUCT_BUNDLE_IDENTIFIER = com.trump6.WakeBox;
				PRODUCT_NAME = "$(TARGET_NAME)";
			};
			name = Release;
		};
/* End XCBuildConfiguration section */

/* Begin XCConfigurationList section */
		04A3D9F21BF7F6FE0012E3A9 /* Build configuration list for PBXProject "WakeBox" */ = {
			isa = XCConfigurationList;
			buildConfigurations = (
				04A3DA021BF7F6FF0012E3A9 /* Debug */,
				04A3DA031BF7F6FF0012E3A9 /* Release */,
			);
			defaultConfigurationIsVisible = 0;
			defaultConfigurationName = Release;
		};
		04A3DA041BF7F6FF0012E3A9 /* Build configuration list for PBXNativeTarget "WakeBox" */ = {
			isa = XCConfigurationList;
			buildConfigurations = (
				04A3DA051BF7F6FF0012E3A9 /* Debug */,
				04A3DA061BF7F6FF0012E3A9 /* Release */,
			);
			defaultConfigurationIsVisible = 0;
		};
/* End XCConfigurationList section */
	};
	rootObject = 04A3D9EF1BF7F6FE0012E3A9 /* Project object */;
}
